{"is_source_file": false, "format": "", "description": "", "external_files": [], "external_methods": [], "published": [], "classes": [], "methods": [], "calls": [], "search-terms": [], "state": 2, "file_id": 13, "knowledge_revision": 30, "git_revision": "e933f400a5816f462e8e0dfac4fb1a8f1a62a457", "filename": "/home/kavia/workspace/code-generation/fundamental-rights-explorer-25310-9510e573/fundamental_rights_explorer/post_process_status.lock", "hash": "9c4ed7ef73e22b872b8055bec08b8979", "format-version": 4, "code-base-name": "default", "revision_history": [{"30": "e933f400a5816f462e8e0dfac4fb1a8f1a62a457"}]}